
Microsoft Visual Studio Solution File, Format Version 12.00
# Visual Studio Version 17
VisualStudioVersion = 17.9.34607.119
MinimumVisualStudioVersion = 10.0.40219.1
Project("{9A19103F-16F7-4668-BE54-9A1E7A4F7556}") = "finalProjectApp", "finalProjectApp\finalProjectApp.csproj", "{528C9785-BF1E-4960-933B-410882FA427B}"
EndProject
Project("{FAE04EC0-301F-11D3-BF4B-00C04F79EFBC}") = "finalProjectMobileApp", "finalProjectMobileApp\finalProjectMobileApp.csproj", "{8551AA60-BB63-4FA2-A173-B906991A3663}"
EndProject
Global
	GlobalSection(SolutionConfigurationPlatforms) = preSolution
		Debug|Any CPU = Debug|Any CPU
		Release|Any CPU = Release|Any CPU
	EndGlobalSection
	GlobalSection(ProjectConfigurationPlatforms) = postSolution
		{528C9785-BF1E-4960-933B-410882FA427B}.Debug|Any CPU.ActiveCfg = Debug|Any CPU
		{528C9785-BF1E-4960-933B-410882FA427B}.Debug|Any CPU.Build.0 = Debug|Any CPU
		{528C9785-BF1E-4960-933B-410882FA427B}.Release|Any CPU.ActiveCfg = Release|Any CPU
		{528C9785-BF1E-4960-933B-410882FA427B}.Release|Any CPU.Build.0 = Release|Any CPU
		{8551AA60-BB63-4FA2-A173-B906991A3663}.Debug|Any CPU.ActiveCfg = Debug|Any CPU
		{8551AA60-BB63-4FA2-A173-B906991A3663}.Debug|Any CPU.Build.0 = Debug|Any CPU
		{8551AA60-BB63-4FA2-A173-B906991A3663}.Debug|Any CPU.Deploy.0 = Debug|Any CPU
		{8551AA60-BB63-4FA2-A173-B906991A3663}.Release|Any CPU.ActiveCfg = Release|Any CPU
		{8551AA60-BB63-4FA2-A173-B906991A3663}.Release|Any CPU.Build.0 = Release|Any CPU
		{8551AA60-BB63-4FA2-A173-B906991A3663}.Release|Any CPU.Deploy.0 = Release|Any CPU
	EndGlobalSection
	GlobalSection(SolutionProperties) = preSolution
		HideSolutionNode = FALSE
	EndGlobalSection
	GlobalSection(ExtensibilityGlobals) = postSolution
		SolutionGuid = {B92CF313-21B6-4D49-A1F9-887EB6C94DF6}
	EndGlobalSection
EndGlobal
